
Microsoft Visual Studio Solution File, Format Version 12.00
# Visual Studio 2013
VisualStudioVersion = 12.0.31101.0
MinimumVisualStudioVersion = 10.0.40219.1
Project("{FAE04EC0-301F-11D3-BF4B-00C04F79EFBC}") = "cleanco", "cleanco\cleanco.csproj", "{D7324B12-3EA0-428D-BA86-A66BAE7DBE33}"
EndProject
Project("{FAE04EC0-301F-11D3-BF4B-00C04F79EFBC}") = "CleancoTesting", "CleancoTesting\CleancoTesting.csproj", "{65EB9762-A1DF-4069-A56C-E9F3C83F1375}"
EndProject
Global
	GlobalSection(SolutionConfigurationPlatforms) = preSolution
		Debug|Any CPU = Debug|Any CPU
		Release|Any CPU = Release|Any CPU
	EndGlobalSection
	GlobalSection(ProjectConfigurationPlatforms) = postSolution
		{D7324B12-3EA0-428D-BA86-A66BAE7DBE33}.Debug|Any CPU.ActiveCfg = Debug|Any CPU
		{D7324B12-3EA0-428D-BA86-A66BAE7DBE33}.Debug|Any CPU.Build.0 = Debug|Any CPU
		{D7324B12-3EA0-428D-BA86-A66BAE7DBE33}.Release|Any CPU.ActiveCfg = Release|Any CPU
		{D7324B12-3EA0-428D-BA86-A66BAE7DBE33}.Release|Any CPU.Build.0 = Release|Any CPU
		{65EB9762-A1DF-4069-A56C-E9F3C83F1375}.Debug|Any CPU.ActiveCfg = Debug|Any CPU
		{65EB9762-A1DF-4069-A56C-E9F3C83F1375}.Debug|Any CPU.Build.0 = Debug|Any CPU
		{65EB9762-A1DF-4069-A56C-E9F3C83F1375}.Release|Any CPU.ActiveCfg = Release|Any CPU
		{65EB9762-A1DF-4069-A56C-E9F3C83F1375}.Release|Any CPU.Build.0 = Release|Any CPU
	EndGlobalSection
	GlobalSection(SolutionProperties) = preSolution
		HideSolutionNode = FALSE
	EndGlobalSection
EndGlobal
